// !$*UTF8*$!
{
	archiveVersion = 1;
	classes = {
	};
	objectVersion = 56;
	objects = {

/* Begin PBXBuildFile section */
		673775DA2A83CA48003F16A4 /* AppDelegate.swift in Sources */ = {isa = PBXBuildFile; fileRef = 673775D92A83CA48003F16A4 /* AppDelegate.swift */; };
		673775DE2A83CA48003F16A4 /* ViewController.swift in Sources */ = {isa = PBXBuildFile; fileRef = 673775DD2A83CA48003F16A4 /* ViewController.swift */; };
		673775E12A83CA48003F16A4 /* Main.storyboard in Resources */ = {isa = PBXBuildFile; fileRef = 673775DF2A83CA48003F16A4 /* Main.storyboard */; };
		673775E32A83CA49003F16A4 /* Assets.xcassets in Resources */ = {isa = PBXBuildFile; fileRef = 673775E22A83CA49003F16A4 /* Assets.xcassets */; };
		673775E62A83CA49003F16A4 /* LaunchScreen.storyboard in Resources */ = {isa = PBXBuildFile; fileRef = 673775E42A83CA49003F16A4 /* LaunchScreen.storyboard */; };
		673776372A96334E003F16A4 /* RIBs in Frameworks */ = {isa = PBXBuildFile; productRef = 673776362A96334E003F16A4 /* RIBs */; };
		673776412A963390003F16A4 /* SceneDelegate.swift in Sources */ = {isa = PBXBuildFile; fileRef = 673776402A963390003F16A4 /* SceneDelegate.swift */; };
		673776432A9633A1003F16A4 /* AppComponent.swift in Sources */ = {isa = PBXBuildFile; fileRef = 673776422A9633A1003F16A4 /* AppComponent.swift */; };
		673776532A963549003F16A4 /* LoggedOutInteractor.swift in Sources */ = {isa = PBXBuildFile; fileRef = 6737764E2A963549003F16A4 /* LoggedOutInteractor.swift */; };
		673776542A963549003F16A4 /* loggedOut.storyboard in Resources */ = {isa = PBXBuildFile; fileRef = 6737764F2A963549003F16A4 /* loggedOut.storyboard */; };
		673776552A963549003F16A4 /* LoggedOutRouter.swift in Sources */ = {isa = PBXBuildFile; fileRef = 673776502A963549003F16A4 /* LoggedOutRouter.swift */; };
		673776562A963549003F16A4 /* LoggedOutViewController.swift in Sources */ = {isa = PBXBuildFile; fileRef = 673776512A963549003F16A4 /* LoggedOutViewController.swift */; };
		673776572A963549003F16A4 /* LoggedOutBuilder.swift in Sources */ = {isa = PBXBuildFile; fileRef = 673776522A963549003F16A4 /* LoggedOutBuilder.swift */; };
		673776682A9E0250003F16A4 /* OffGameViewController.storyboard in Resources */ = {isa = PBXBuildFile; fileRef = 673776632A9E0250003F16A4 /* OffGameViewController.storyboard */; };
		673776692A9E0250003F16A4 /* OffGameBuilder.swift in Sources */ = {isa = PBXBuildFile; fileRef = 673776642A9E0250003F16A4 /* OffGameBuilder.swift */; };
		6737766A2A9E0250003F16A4 /* OffGameViewController.swift in Sources */ = {isa = PBXBuildFile; fileRef = 673776652A9E0250003F16A4 /* OffGameViewController.swift */; };
		6737766B2A9E0250003F16A4 /* OffGameInteractor.swift in Sources */ = {isa = PBXBuildFile; fileRef = 673776662A9E0250003F16A4 /* OffGameInteractor.swift */; };
		6737766C2A9E0250003F16A4 /* OffGameRouter.swift in Sources */ = {isa = PBXBuildFile; fileRef = 673776672A9E0250003F16A4 /* OffGameRouter.swift */; };
		673776722A9E0267003F16A4 /* RootRouter.swift in Sources */ = {isa = PBXBuildFile; fileRef = 6737766D2A9E0267003F16A4 /* RootRouter.swift */; };
		673776732A9E0267003F16A4 /* RootBuilder.swift in Sources */ = {isa = PBXBuildFile; fileRef = 6737766E2A9E0267003F16A4 /* RootBuilder.swift */; };
		673776742A9E0267003F16A4 /* RootInteractor.swift in Sources */ = {isa = PBXBuildFile; fileRef = 6737766F2A9E0267003F16A4 /* RootInteractor.swift */; };
		673776752A9E0267003F16A4 /* RootComponent+LoggedOut.swift in Sources */ = {isa = PBXBuildFile; fileRef = 673776702A9E0267003F16A4 /* RootComponent+LoggedOut.swift */; };
		673776762A9E0267003F16A4 /* RootViewController.swift in Sources */ = {isa = PBXBuildFile; fileRef = 673776712A9E0267003F16A4 /* RootViewController.swift */; };
		6737768E2AA5B529003F16A4 /* TicTacToeRouter.swift in Sources */ = {isa = PBXBuildFile; fileRef = 6737768A2AA5B529003F16A4 /* TicTacToeRouter.swift */; };
		6737768F2AA5B529003F16A4 /* TicTacToeViewController.swift in Sources */ = {isa = PBXBuildFile; fileRef = 6737768B2AA5B529003F16A4 /* TicTacToeViewController.swift */; };
		673776902AA5B529003F16A4 /* TicTacToeBuilder.swift in Sources */ = {isa = PBXBuildFile; fileRef = 6737768C2AA5B529003F16A4 /* TicTacToeBuilder.swift */; };
		673776912AA5B529003F16A4 /* TicTacToeInteractor.swift in Sources */ = {isa = PBXBuildFile; fileRef = 6737768D2AA5B529003F16A4 /* TicTacToeInteractor.swift */; };
		673776952AA5B886003F16A4 /* LoggedInRouter.swift in Sources */ = {isa = PBXBuildFile; fileRef = 673776922AA5B886003F16A4 /* LoggedInRouter.swift */; };
		673776962AA5B886003F16A4 /* LoggedInBuilder.swift in Sources */ = {isa = PBXBuildFile; fileRef = 673776932AA5B886003F16A4 /* LoggedInBuilder.swift */; };
		673776972AA5B886003F16A4 /* LoggedInInteractor.swift in Sources */ = {isa = PBXBuildFile; fileRef = 673776942AA5B886003F16A4 /* LoggedInInteractor.swift */; };
		673776992AA5BBAC003F16A4 /* LoggedInComponent+OffGame.swift in Sources */ = {isa = PBXBuildFile; fileRef = 673776982AA5BBAC003F16A4 /* LoggedInComponent+OffGame.swift */; };
		6737769C2AA5BE2E003F16A4 /* SnapKit in Frameworks */ = {isa = PBXBuildFile; productRef = 6737769B2AA5BE2E003F16A4 /* SnapKit */; };
/* End PBXBuildFile section */

/* Begin PBXFileReference section */
		673775D62A83CA48003F16A4 /* ExRIBs.app */ = {isa = PBXFileReference; explicitFileType = wrapper.application; includeInIndex = 0; path = ExRIBs.app; sourceTree = BUILT_PRODUCTS_DIR; };
		673775D92A83CA48003F16A4 /* AppDelegate.swift */ = {isa = PBXFileReference; lastKnownFileType = sourcecode.swift; path = AppDelegate.swift; sourceTree = "<group>"; };
		673775DD2A83CA48003F16A4 /* ViewController.swift */ = {isa = PBXFileReference; lastKnownFileType = sourcecode.swift; path = ViewController.swift; sourceTree = "<group>"; };
		673775E02A83CA48003F16A4 /* Base */ = {isa = PBXFileReference; lastKnownFileType = file.storyboard; name = Base; path = Base.lproj/Main.storyboard; sourceTree = "<group>"; };
		673775E22A83CA49003F16A4 /* Assets.xcassets */ = {isa = PBXFileReference; lastKnownFileType = folder.assetcatalog; path = Assets.xcassets; sourceTree = "<group>"; };
		673775E52A83CA49003F16A4 /* Base */ = {isa = PBXFileReference; lastKnownFileType = file.storyboard; name = Base; path = Base.lproj/LaunchScreen.storyboard; sourceTree = "<group>"; };
		673775E72A83CA49003F16A4 /* Info.plist */ = {isa = PBXFileReference; lastKnownFileType = text.plist.xml; path = Info.plist; sourceTree = "<group>"; };
		673776402A963390003F16A4 /* SceneDelegate.swift */ = {isa = PBXFileReference; fileEncoding = 4; lastKnownFileType = sourcecode.swift; path = SceneDelegate.swift; sourceTree = "<group>"; };
		673776422A9633A1003F16A4 /* AppComponent.swift */ = {isa = PBXFileReference; fileEncoding = 4; lastKnownFileType = sourcecode.swift; path = AppComponent.swift; sourceTree = "<group>"; };
		6737764E2A963549003F16A4 /* LoggedOutInteractor.swift */ = {isa = PBXFileReference; fileEncoding = 4; lastKnownFileType = sourcecode.swift; path = LoggedOutInteractor.swift; sourceTree = "<group>"; };
		6737764F2A963549003F16A4 /* loggedOut.storyboard */ = {isa = PBXFileReference; fileEncoding = 4; lastKnownFileType = file.storyboard; path = loggedOut.storyboard; sourceTree = "<group>"; };
		673776502A963549003F16A4 /* LoggedOutRouter.swift */ = {isa = PBXFileReference; fileEncoding = 4; lastKnownFileType = sourcecode.swift; path = LoggedOutRouter.swift; sourceTree = "<group>"; };
		673776512A963549003F16A4 /* LoggedOutViewController.swift */ = {isa = PBXFileReference; fileEncoding = 4; lastKnownFileType = sourcecode.swift; path = LoggedOutViewController.swift; sourceTree = "<group>"; };
		673776522A963549003F16A4 /* LoggedOutBuilder.swift */ = {isa = PBXFileReference; fileEncoding = 4; lastKnownFileType = sourcecode.swift; path = LoggedOutBuilder.swift; sourceTree = "<group>"; };
		673776632A9E0250003F16A4 /* OffGameViewController.storyboard */ = {isa = PBXFileReference; fileEncoding = 4; lastKnownFileType = file.storyboard; path = OffGameViewController.storyboard; sourceTree = "<group>"; };
		673776642A9E0250003F16A4 /* OffGameBuilder.swift */ = {isa = PBXFileReference; fileEncoding = 4; lastKnownFileType = sourcecode.swift; path = OffGameBuilder.swift; sourceTree = "<group>"; };
		673776652A9E0250003F16A4 /* OffGameViewController.swift */ = {isa = PBXFileReference; fileEncoding = 4; lastKnownFileType = sourcecode.swift; path = OffGameViewController.swift; sourceTree = "<group>"; };
		673776662A9E0250003F16A4 /* OffGameInteractor.swift */ = {isa = PBXFileReference; fileEncoding = 4; lastKnownFileType = sourcecode.swift; path = OffGameInteractor.swift; sourceTree = "<group>"; };
		673776672A9E0250003F16A4 /* OffGameRouter.swift */ = {isa = PBXFileReference; fileEncoding = 4; lastKnownFileType = sourcecode.swift; path = OffGameRouter.swift; sourceTree = "<group>"; };
		6737766D2A9E0267003F16A4 /* RootRouter.swift */ = {isa = PBXFileReference; fileEncoding = 4; lastKnownFileType = sourcecode.swift; path = RootRouter.swift; sourceTree = "<group>"; };
		6737766E2A9E0267003F16A4 /* RootBuilder.swift */ = {isa = PBXFileReference; fileEncoding = 4; lastKnownFileType = sourcecode.swift; path = RootBuilder.swift; sourceTree = "<group>"; };
		6737766F2A9E0267003F16A4 /* RootInteractor.swift */ = {isa = PBXFileReference; fileEncoding = 4; lastKnownFileType = sourcecode.swift; path = RootInteractor.swift; sourceTree = "<group>"; };
		673776702A9E0267003F16A4 /* RootComponent+LoggedOut.swift */ = {isa = PBXFileReference; fileEncoding = 4; lastKnownFileType = sourcecode.swift; path = "RootComponent+LoggedOut.swift"; sourceTree = "<group>"; };
		673776712A9E0267003F16A4 /* RootViewController.swift */ = {isa = PBXFileReference; fileEncoding = 4; lastKnownFileType = sourcecode.swift; path = RootViewController.swift; sourceTree = "<group>"; };
		6737768A2AA5B529003F16A4 /* TicTacToeRouter.swift */ = {isa = PBXFileReference; lastKnownFileType = sourcecode.swift; path = TicTacToeRouter.swift; sourceTree = "<group>"; };
		6737768B2AA5B529003F16A4 /* TicTacToeViewController.swift */ = {isa = PBXFileReference; lastKnownFileType = sourcecode.swift; path = TicTacToeViewController.swift; sourceTree = "<group>"; };
		6737768C2AA5B529003F16A4 /* TicTacToeBuilder.swift */ = {isa = PBXFileReference; lastKnownFileType = sourcecode.swift; path = TicTacToeBuilder.swift; sourceTree = "<group>"; };
		6737768D2AA5B529003F16A4 /* TicTacToeInteractor.swift */ = {isa = PBXFileReference; lastKnownFileType = sourcecode.swift; path = TicTacToeInteractor.swift; sourceTree = "<group>"; };
		673776922AA5B886003F16A4 /* LoggedInRouter.swift */ = {isa = PBXFileReference; lastKnownFileType = sourcecode.swift; path = LoggedInRouter.swift; sourceTree = "<group>"; };
		673776932AA5B886003F16A4 /* LoggedInBuilder.swift */ = {isa = PBXFileReference; lastKnownFileType = sourcecode.swift; path = LoggedInBuilder.swift; sourceTree = "<group>"; };
		673776942AA5B886003F16A4 /* LoggedInInteractor.swift */ = {isa = PBXFileReference; lastKnownFileType = sourcecode.swift; path = LoggedInInteractor.swift; sourceTree = "<group>"; };
		673776982AA5BBAC003F16A4 /* LoggedInComponent+OffGame.swift */ = {isa = PBXFileReference; fileEncoding = 4; lastKnownFileType = sourcecode.swift; path = "LoggedInComponent+OffGame.swift"; sourceTree = "<group>"; };
/* End PBXFileReference section */

/* Begin PBXFrameworksBuildPhase section */
		673775D32A83CA48003F16A4 /* Frameworks */ = {
			isa = PBXFrameworksBuildPhase;
			buildActionMask = 2147483647;
			files = (
				673776372A96334E003F16A4 /* RIBs in Frameworks */,
				6737769C2AA5BE2E003F16A4 /* SnapKit in Frameworks */,
			);
			runOnlyForDeploymentPostprocessing = 0;
		};
/* End PBXFrameworksBuildPhase section */

/* Begin PBXGroup section */
		673775CD2A83CA48003F16A4 = {
			isa = PBXGroup;
			children = (
				673775D82A83CA48003F16A4 /* ExRIBs */,
				673775D72A83CA48003F16A4 /* Products */,
			);
			sourceTree = "<group>";
		};
		673775D72A83CA48003F16A4 /* Products */ = {
			isa = PBXGroup;
			children = (
				673775D62A83CA48003F16A4 /* ExRIBs.app */,
			);
			name = Products;
			sourceTree = "<group>";
		};
		673775D82A83CA48003F16A4 /* ExRIBs */ = {
			isa = PBXGroup;
			children = (
				673776892AA5B504003F16A4 /* TIcTacToe */,
				673776622A9E0250003F16A4 /* OffGame */,
				6737764D2A96353A003F16A4 /* LoggedOut */,
				6737764C2A96352B003F16A4 /* LoggedIn */,
				6737762C2A963287003F16A4 /* Root */,
				673775D92A83CA48003F16A4 /* AppDelegate.swift */,
				673775DD2A83CA48003F16A4 /* ViewController.swift */,
				673776402A963390003F16A4 /* SceneDelegate.swift */,
				673776422A9633A1003F16A4 /* AppComponent.swift */,
				673775DF2A83CA48003F16A4 /* Main.storyboard */,
				673775E22A83CA49003F16A4 /* Assets.xcassets */,
				673775E42A83CA49003F16A4 /* LaunchScreen.storyboard */,
				673775E72A83CA49003F16A4 /* Info.plist */,
			);
			path = ExRIBs;
			sourceTree = "<group>";
		};
		6737762C2A963287003F16A4 /* Root */ = {
			isa = PBXGroup;
			children = (
				6737766E2A9E0267003F16A4 /* RootBuilder.swift */,
				673776702A9E0267003F16A4 /* RootComponent+LoggedOut.swift */,
				6737766F2A9E0267003F16A4 /* RootInteractor.swift */,
				6737766D2A9E0267003F16A4 /* RootRouter.swift */,
				673776712A9E0267003F16A4 /* RootViewController.swift */,
			);
			path = Root;
			sourceTree = "<group>";
		};
		6737764C2A96352B003F16A4 /* LoggedIn */ = {
			isa = PBXGroup;
			children = (
				673776982AA5BBAC003F16A4 /* LoggedInComponent+OffGame.swift */,
				673776922AA5B886003F16A4 /* LoggedInRouter.swift */,
				673776932AA5B886003F16A4 /* LoggedInBuilder.swift */,
				673776942AA5B886003F16A4 /* LoggedInInteractor.swift */,
			);
			path = LoggedIn;
			sourceTree = "<group>";
		};
		6737764D2A96353A003F16A4 /* LoggedOut */ = {
			isa = PBXGroup;
			children = (
				6737764F2A963549003F16A4 /* loggedOut.storyboard */,
				673776522A963549003F16A4 /* LoggedOutBuilder.swift */,
				6737764E2A963549003F16A4 /* LoggedOutInteractor.swift */,
				673776502A963549003F16A4 /* LoggedOutRouter.swift */,
				673776512A963549003F16A4 /* LoggedOutViewController.swift */,
			);
			path = LoggedOut;
			sourceTree = "<group>";
		};
		673776622A9E0250003F16A4 /* OffGame */ = {
			isa = PBXGroup;
			children = (
				673776632A9E0250003F16A4 /* OffGameViewController.storyboard */,
				673776642A9E0250003F16A4 /* OffGameBuilder.swift */,
				673776652A9E0250003F16A4 /* OffGameViewController.swift */,
				673776662A9E0250003F16A4 /* OffGameInteractor.swift */,
				673776672A9E0250003F16A4 /* OffGameRouter.swift */,
			);
			path = OffGame;
			sourceTree = "<group>";
		};
		673776892AA5B504003F16A4 /* TIcTacToe */ = {
			isa = PBXGroup;
			children = (
				6737768A2AA5B529003F16A4 /* TicTacToeRouter.swift */,
				6737768B2AA5B529003F16A4 /* TicTacToeViewController.swift */,
				6737768C2AA5B529003F16A4 /* TicTacToeBuilder.swift */,
				6737768D2AA5B529003F16A4 /* TicTacToeInteractor.swift */,
			);
			path = TIcTacToe;
			sourceTree = "<group>";
		};
/* End PBXGroup section */

/* Begin PBXNativeTarget section */
		673775D52A83CA48003F16A4 /* ExRIBs */ = {
			isa = PBXNativeTarget;
			buildConfigurationList = 673775EA2A83CA49003F16A4 /* Build configuration list for PBXNativeTarget "ExRIBs" */;
			buildPhases = (
				673775D22A83CA48003F16A4 /* Sources */,
				673775D32A83CA48003F16A4 /* Frameworks */,
				673775D42A83CA48003F16A4 /* Resources */,
			);
			buildRules = (
			);
			dependencies = (
			);
			name = ExRIBs;
			packageProductDependencies = (
				673776362A96334E003F16A4 /* RIBs */,
				6737769B2AA5BE2E003F16A4 /* SnapKit */,
			);
			productName = ExRIBs;
			productReference = 673775D62A83CA48003F16A4 /* ExRIBs.app */;
			productType = "com.apple.product-type.application";
		};
/* End PBXNativeTarget section */

/* Begin PBXProject section */
		673775CE2A83CA48003F16A4 /* Project object */ = {
			isa = PBXProject;
			attributes = {
				BuildIndependentTargetsInParallel = 1;
				LastSwiftUpdateCheck = 1430;
				LastUpgradeCheck = 1430;
				TargetAttributes = {
					673775D52A83CA48003F16A4 = {
						CreatedOnToolsVersion = 14.3.1;
					};
				};
			};
			buildConfigurationList = 673775D12A83CA48003F16A4 /* Build configuration list for PBXProject "ExRIBs" */;
			compatibilityVersion = "Xcode 14.0";
			developmentRegion = en;
			hasScannedForEncodings = 0;
			knownRegions = (
				en,
				Base,
			);
			mainGroup = 673775CD2A83CA48003F16A4;
			packageReferences = (
				673776352A96334E003F16A4 /* XCRemoteSwiftPackageReference "RIBs" */,
				6737769A2AA5BE2D003F16A4 /* XCRemoteSwiftPackageReference "SnapKit" */,
			);
			productRefGroup = 673775D72A83CA48003F16A4 /* Products */;
			projectDirPath = "";
			projectRoot = "";
			targets = (
				673775D52A83CA48003F16A4 /* ExRIBs */,
			);
		};
/* End PBXProject section */

/* Begin PBXResourcesBuildPhase section */
		673775D42A83CA48003F16A4 /* Resources */ = {
			isa = PBXResourcesBuildPhase;
			buildActionMask = 2147483647;
			files = (
				673775E62A83CA49003F16A4 /* LaunchScreen.storyboard in Resources */,
				673776542A963549003F16A4 /* loggedOut.storyboard in Resources */,
				673775E32A83CA49003F16A4 /* Assets.xcassets in Resources */,
				673776682A9E0250003F16A4 /* OffGameViewController.storyboard in Resources */,
				673775E12A83CA48003F16A4 /* Main.storyboard in Resources */,
			);
			runOnlyForDeploymentPostprocessing = 0;
		};
/* End PBXResourcesBuildPhase section */

/* Begin PBXSourcesBuildPhase section */
		673775D22A83CA48003F16A4 /* Sources */ = {
			isa = PBXSourcesBuildPhase;
			buildActionMask = 2147483647;
			files = (
				673776752A9E0267003F16A4 /* RootComponent+LoggedOut.swift in Sources */,
				673776552A963549003F16A4 /* LoggedOutRouter.swift in Sources */,
				6737766B2A9E0250003F16A4 /* OffGameInteractor.swift in Sources */,
				673776742A9E0267003F16A4 /* RootInteractor.swift in Sources */,
				673776962AA5B886003F16A4 /* LoggedInBuilder.swift in Sources */,
				673776572A963549003F16A4 /* LoggedOutBuilder.swift in Sources */,
				673776732A9E0267003F16A4 /* RootBuilder.swift in Sources */,
				673776972AA5B886003F16A4 /* LoggedInInteractor.swift in Sources */,
				673776902AA5B529003F16A4 /* TicTacToeBuilder.swift in Sources */,
				673776432A9633A1003F16A4 /* AppComponent.swift in Sources */,
				673776912AA5B529003F16A4 /* TicTacToeInteractor.swift in Sources */,
				673776412A963390003F16A4 /* SceneDelegate.swift in Sources */,
				6737766A2A9E0250003F16A4 /* OffGameViewController.swift in Sources */,
				673776722A9E0267003F16A4 /* RootRouter.swift in Sources */,
				6737768F2AA5B529003F16A4 /* TicTacToeViewController.swift in Sources */,
				673775DE2A83CA48003F16A4 /* ViewController.swift in Sources */,
				6737768E2AA5B529003F16A4 /* TicTacToeRouter.swift in Sources */,
				673776692A9E0250003F16A4 /* OffGameBuilder.swift in Sources */,
				673776562A963549003F16A4 /* LoggedOutViewController.swift in Sources */,
				6737766C2A9E0250003F16A4 /* OffGameRouter.swift in Sources */,
				673776762A9E0267003F16A4 /* RootViewController.swift in Sources */,
				673775DA2A83CA48003F16A4 /* AppDelegate.swift in Sources */,
				673776992AA5BBAC003F16A4 /* LoggedInComponent+OffGame.swift in Sources */,
				673776532A963549003F16A4 /* LoggedOutInteractor.swift in Sources */,
				673776952AA5B886003F16A4 /* LoggedInRouter.swift in Sources */,
			);
			runOnlyForDeploymentPostprocessing = 0;
		};
/* End PBXSourcesBuildPhase section */

/* Begin PBXVariantGroup section */
		673775DF2A83CA48003F16A4 /* Main.storyboard */ = {
			isa = PBXVariantGroup;
			children = (
				673775E02A83CA48003F16A4 /* Base */,
			);
			name = Main.storyboard;
			sourceTree = "<group>";
		};
		673775E42A83CA49003F16A4 /* LaunchScreen.storyboard */ = {
			isa = PBXVariantGroup;
			children = (
				673775E52A83CA49003F16A4 /* Base */,
			);
			name = LaunchScreen.storyboard;
			sourceTree = "<group>";
		};
/* End PBXVariantGroup section */

/* Begin XCBuildConfiguration section */
		673775E82A83CA49003F16A4 /* Debug */ = {
			isa = XCBuildConfiguration;
			buildSettings = {
				ALWAYS_SEARCH_USER_PATHS = NO;
				CLANG_ANALYZER_NONNULL = YES;
				CLANG_ANALYZER_NUMBER_OBJECT_CONVERSION = YES_AGGRESSIVE;
				CLANG_CXX_LANGUAGE_STANDARD = "gnu++20";
				CLANG_ENABLE_MODULES = YES;
				CLANG_ENABLE_OBJC_ARC = YES;
				CLANG_ENABLE_OBJC_WEAK = YES;
				CLANG_WARN_BLOCK_CAPTURE_AUTORELEASING = YES;
				CLANG_WARN_BOOL_CONVERSION = YES;
				CLANG_WARN_COMMA = YES;
				CLANG_WARN_CONSTANT_CONVERSION = YES;
				CLANG_WARN_DEPRECATED_OBJC_IMPLEMENTATIONS = YES;
				CLANG_WARN_DIRECT_OBJC_ISA_USAGE = YES_ERROR;
				CLANG_WARN_DOCUMENTATION_COMMENTS = YES;
				CLANG_WARN_EMPTY_BODY = YES;
				CLANG_WARN_ENUM_CONVERSION = YES;
				CLANG_WARN_INFINITE_RECURSION = YES;
				CLANG_WARN_INT_CONVERSION = YES;
				CLANG_WARN_NON_LITERAL_NULL_CONVERSION = YES;
				CLANG_WARN_OBJC_IMPLICIT_RETAIN_SELF = YES;
				CLANG_WARN_OBJC_LITERAL_CONVERSION = YES;
				CLANG_WARN_OBJC_ROOT_CLASS = YES_ERROR;
				CLANG_WARN_QUOTED_INCLUDE_IN_FRAMEWORK_HEADER = YES;
				CLANG_WARN_RANGE_LOOP_ANALYSIS = YES;
				CLANG_WARN_STRICT_PROTOTYPES = YES;
				CLANG_WARN_SUSPICIOUS_MOVE = YES;
				CLANG_WARN_UNGUARDED_AVAILABILITY = YES_AGGRESSIVE;
				CLANG_WARN_UNREACHABLE_CODE = YES;
				CLANG_WARN__DUPLICATE_METHOD_MATCH = YES;
				COPY_PHASE_STRIP = NO;
				DEBUG_INFORMATION_FORMAT = dwarf;
				ENABLE_STRICT_OBJC_MSGSEND = YES;
				ENABLE_TESTABILITY = YES;
				GCC_C_LANGUAGE_STANDARD = gnu11;
				GCC_DYNAMIC_NO_PIC = NO;
				GCC_NO_COMMON_BLOCKS = YES;
				GCC_OPTIMIZATION_LEVEL = 0;
				GCC_PREPROCESSOR_DEFINITIONS = (
					"DEBUG=1",
					"$(inherited)",
				);
				GCC_WARN_64_TO_32_BIT_CONVERSION = YES;
				GCC_WARN_ABOUT_RETURN_TYPE = YES_ERROR;
				GCC_WARN_UNDECLARED_SELECTOR = YES;
				GCC_WARN_UNINITIALIZED_AUTOS = YES_AGGRESSIVE;
				GCC_WARN_UNUSED_FUNCTION = YES;
				GCC_WARN_UNUSED_VARIABLE = YES;
				IPHONEOS_DEPLOYMENT_TARGET = 16.4;
				MTL_ENABLE_DEBUG_INFO = INCLUDE_SOURCE;
				MTL_FAST_MATH = YES;
				ONLY_ACTIVE_ARCH = YES;
				SDKROOT = iphoneos;
				SWIFT_ACTIVE_COMPILATION_CONDITIONS = DEBUG;
				SWIFT_OPTIMIZATION_LEVEL = "-Onone";
			};
			name = Debug;
		};
		673775E92A83CA49003F16A4 /* Release */ = {
			isa = XCBuildConfiguration;
			buildSettings = {
				ALWAYS_SEARCH_USER_PATHS = NO;
				CLANG_ANALYZER_NONNULL = YES;
				CLANG_ANALYZER_NUMBER_OBJECT_CONVERSION = YES_AGGRESSIVE;
				CLANG_CXX_LANGUAGE_STANDARD = "gnu++20";
				CLANG_ENABLE_MODULES = YES;
				CLANG_ENABLE_OBJC_ARC = YES;
				CLANG_ENABLE_OBJC_WEAK = YES;
				CLANG_WARN_BLOCK_CAPTURE_AUTORELEASING = YES;
				CLANG_WARN_BOOL_CONVERSION = YES;
				CLANG_WARN_COMMA = YES;
				CLANG_WARN_CONSTANT_CONVERSION = YES;
				CLANG_WARN_DEPRECATED_OBJC_IMPLEMENTATIONS = YES;
				CLANG_WARN_DIRECT_OBJC_ISA_USAGE = YES_ERROR;
				CLANG_WARN_DOCUMENTATION_COMMENTS = YES;
				CLANG_WARN_EMPTY_BODY = YES;
				CLANG_WARN_ENUM_CONVERSION = YES;
				CLANG_WARN_INFINITE_RECURSION = YES;
				CLANG_WARN_INT_CONVERSION = YES;
				CLANG_WARN_NON_LITERAL_NULL_CONVERSION = YES;
				CLANG_WARN_OBJC_IMPLICIT_RETAIN_SELF = YES;
				CLANG_WARN_OBJC_LITERAL_CONVERSION = YES;
				CLANG_WARN_OBJC_ROOT_CLASS = YES_ERROR;
				CLANG_WARN_QUOTED_INCLUDE_IN_FRAMEWORK_HEADER = YES;
				CLANG_WARN_RANGE_LOOP_ANALYSIS = YES;
				CLANG_WARN_STRICT_PROTOTYPES = YES;
				CLANG_WARN_SUSPICIOUS_MOVE = YES;
				CLANG_WARN_UNGUARDED_AVAILABILITY = YES_AGGRESSIVE;
				CLANG_WARN_UNREACHABLE_CODE = YES;
				CLANG_WARN__DUPLICATE_METHOD_MATCH = YES;
				COPY_PHASE_STRIP = NO;
				DEBUG_INFORMATION_FORMAT = "dwarf-with-dsym";
				ENABLE_NS_ASSERTIONS = NO;
				ENABLE_STRICT_OBJC_MSGSEND = YES;
				GCC_C_LANGUAGE_STANDARD = gnu11;
				GCC_NO_COMMON_BLOCKS = YES;
				GCC_WARN_64_TO_32_BIT_CONVERSION = YES;
				GCC_WARN_ABOUT_RETURN_TYPE = YES_ERROR;
				GCC_WARN_UNDECLARED_SELECTOR = YES;
				GCC_WARN_UNINITIALIZED_AUTOS = YES_AGGRESSIVE;
				GCC_WARN_UNUSED_FUNCTION = YES;
				GCC_WARN_UNUSED_VARIABLE = YES;
				IPHONEOS_DEPLOYMENT_TARGET = 16.4;
				MTL_ENABLE_DEBUG_INFO = NO;
				MTL_FAST_MATH = YES;
				SDKROOT = iphoneos;
				SWIFT_COMPILATION_MODE = wholemodule;
				SWIFT_OPTIMIZATION_LEVEL = "-O";
				VALIDATE_PRODUCT = YES;
			};
			name = Release;
		};
		673775EB2A83CA49003F16A4 /* Debug */ = {
			isa = XCBuildConfiguration;
			buildSettings = {
				ASSETCATALOG_COMPILER_APPICON_NAME = AppIcon;
				ASSETCATALOG_COMPILER_GLOBAL_ACCENT_COLOR_NAME = AccentColor;
				CODE_SIGN_STYLE = Automatic;
				CURRENT_PROJECT_VERSION = 1;
				GENERATE_INFOPLIST_FILE = YES;
				INFOPLIST_FILE = ExRIBs/Info.plist;
				INFOPLIST_KEY_UIApplicationSupportsIndirectInputEvents = YES;
				INFOPLIST_KEY_UILaunchStoryboardName = LaunchScreen;
				INFOPLIST_KEY_UIMainStoryboardFile = Main;
				INFOPLIST_KEY_UISupportedInterfaceOrientations_iPad = "UIInterfaceOrientationPortrait UIInterfaceOrientationPortraitUpsideDown UIInterfaceOrientationLandscapeLeft UIInterfaceOrientationLandscapeRight";
				INFOPLIST_KEY_UISupportedInterfaceOrientations_iPhone = "UIInterfaceOrientationPortrait UIInterfaceOrientationLandscapeLeft UIInterfaceOrientationLandscapeRight";
				LD_RUNPATH_SEARCH_PATHS = (
					"$(inherited)",
					"@executable_path/Frameworks",
				);
				MARKETING_VERSION = 1.0;
				PRODUCT_BUNDLE_IDENTIFIER = com.sesac.ExRIBs;
				PRODUCT_NAME = "$(TARGET_NAME)";
				SWIFT_EMIT_LOC_STRINGS = YES;
				SWIFT_VERSION = 5.0;
				TARGETED_DEVICE_FAMILY = "1,2";
			};
			name = Debug;
		};
		673775EC2A83CA49003F16A4 /* Release */ = {
			isa = XCBuildConfiguration;
			buildSettings = {
				ASSETCATALOG_COMPILER_APPICON_NAME = AppIcon;
				ASSETCATALOG_COMPILER_GLOBAL_ACCENT_COLOR_NAME = AccentColor;
				CODE_SIGN_STYLE = Automatic;
				CURRENT_PROJECT_VERSION = 1;
				GENERATE_INFOPLIST_FILE = YES;
				INFOPLIST_FILE = ExRIBs/Info.plist;
				INFOPLIST_KEY_UIApplicationSupportsIndirectInputEvents = YES;
				INFOPLIST_KEY_UILaunchStoryboardName = LaunchScreen;
				INFOPLIST_KEY_UIMainStoryboardFile = Main;
				INFOPLIST_KEY_UISupportedInterfaceOrientations_iPad = "UIInterfaceOrientationPortrait UIInterfaceOrientationPortraitUpsideDown UIInterfaceOrientationLandscapeLeft UIInterfaceOrientationLandscapeRight";
				INFOPLIST_KEY_UISupportedInterfaceOrientations_iPhone = "UIInterfaceOrientationPortrait UIInterfaceOrientationLandscapeLeft UIInterfaceOrientationLandscapeRight";
				LD_RUNPATH_SEARCH_PATHS = (
					"$(inherited)",
					"@executable_path/Frameworks",
				);
				MARKETING_VERSION = 1.0;
				PRODUCT_BUNDLE_IDENTIFIER = com.sesac.ExRIBs;
				PRODUCT_NAME = "$(TARGET_NAME)";
				SWIFT_EMIT_LOC_STRINGS = YES;
				SWIFT_VERSION = 5.0;
				TARGETED_DEVICE_FAMILY = "1,2";
			};
			name = Release;
		};
/* End XCBuildConfiguration section */

/* Begin XCConfigurationList section */
		673775D12A83CA48003F16A4 /* Build configuration list for PBXProject "ExRIBs" */ = {
			isa = XCConfigurationList;
			buildConfigurations = (
				673775E82A83CA49003F16A4 /* Debug */,
				673775E92A83CA49003F16A4 /* Release */,
			);
			defaultConfigurationIsVisible = 0;
			defaultConfigurationName = Release;
		};
		673775EA2A83CA49003F16A4 /* Build configuration list for PBXNativeTarget "ExRIBs" */ = {
			isa = XCConfigurationList;
			buildConfigurations = (
				673775EB2A83CA49003F16A4 /* Debug */,
				673775EC2A83CA49003F16A4 /* Release */,
			);
			defaultConfigurationIsVisible = 0;
			defaultConfigurationName = Release;
		};
/* End XCConfigurationList section */

/* Begin XCRemoteSwiftPackageReference section */
		673776352A96334E003F16A4 /* XCRemoteSwiftPackageReference "RIBs" */ = {
			isa = XCRemoteSwiftPackageReference;
			repositoryURL = "https://github.com/uber/RIBs.git";
			requirement = {
				kind = upToNextMajorVersion;
				minimumVersion = 0.9.2;
			};
		};
		6737769A2AA5BE2D003F16A4 /* XCRemoteSwiftPackageReference "SnapKit" */ = {
			isa = XCRemoteSwiftPackageReference;
			repositoryURL = "https://github.com/SnapKit/SnapKit.git";
			requirement = {
				kind = upToNextMajorVersion;
				minimumVersion = 5.0.0;
			};
		};
/* End XCRemoteSwiftPackageReference section */

/* Begin XCSwiftPackageProductDependency section */
		673776362A96334E003F16A4 /* RIBs */ = {
			isa = XCSwiftPackageProductDependency;
			package = 673776352A96334E003F16A4 /* XCRemoteSwiftPackageReference "RIBs" */;
			productName = RIBs;
		};
		6737769B2AA5BE2E003F16A4 /* SnapKit */ = {
			isa = XCSwiftPackageProductDependency;
			package = 6737769A2AA5BE2D003F16A4 /* XCRemoteSwiftPackageReference "SnapKit" */;
			productName = SnapKit;
		};
/* End XCSwiftPackageProductDependency section */
	};
	rootObject = 673775CE2A83CA48003F16A4 /* Project object */;
}
